
Microsoft Visual Studio Solution File, Format Version 12.00
# Visual Studio Version 17
VisualStudioVersion = 17.12.35527.113 d17.12
MinimumVisualStudioVersion = 10.0.40219.1
Project("{FAE04EC0-301F-11D3-BF4B-00C04F79EFBC}") = "Upswing", "Upswing\Upswing.csproj", "{8766C34C-A5C8-4085-A5B9-E06A873E6DFC}"
EndProject
Project("{FAE04EC0-301F-11D3-BF4B-00C04F79EFBC}") = "Upswing.Tests", "Upswing.Tests\Upswing.Tests.csproj", "{0B685B2B-220C-4776-905D-E9DA0D204E20}"
EndProject
Global
	GlobalSection(SolutionConfigurationPlatforms) = preSolution
		Debug|Any CPU = Debug|Any CPU
		Release|Any CPU = Release|Any CPU
	EndGlobalSection
	GlobalSection(ProjectConfigurationPlatforms) = postSolution
		{8766C34C-A5C8-4085-A5B9-E06A873E6DFC}.Debug|Any CPU.ActiveCfg = Debug|Any CPU
		{8766C34C-A5C8-4085-A5B9-E06A873E6DFC}.Debug|Any CPU.Build.0 = Debug|Any CPU
		{8766C34C-A5C8-4085-A5B9-E06A873E6DFC}.Release|Any CPU.ActiveCfg = Release|Any CPU
		{8766C34C-A5C8-4085-A5B9-E06A873E6DFC}.Release|Any CPU.Build.0 = Release|Any CPU
		{0B685B2B-220C-4776-905D-E9DA0D204E20}.Debug|Any CPU.ActiveCfg = Debug|Any CPU
		{0B685B2B-220C-4776-905D-E9DA0D204E20}.Debug|Any CPU.Build.0 = Debug|Any CPU
		{0B685B2B-220C-4776-905D-E9DA0D204E20}.Release|Any CPU.ActiveCfg = Release|Any CPU
		{0B685B2B-220C-4776-905D-E9DA0D204E20}.Release|Any CPU.Build.0 = Release|Any CPU
	EndGlobalSection
	GlobalSection(SolutionProperties) = preSolution
		HideSolutionNode = FALSE
	EndGlobalSection
EndGlobal
